
Microsoft Visual Studio Solution File, Format Version 12.00
# Visual Studio Version 16
VisualStudioVersion = 16.0.30225.117
MinimumVisualStudioVersion = 10.0.40219.1
Project("{FAE04EC0-301F-11D3-BF4B-00C04F79EFBC}") = "E0ReminderApp.UWP", "E0ReminderApp.UWP\E0ReminderApp.UWP.csproj", "{1588D4C5-68B5-4E11-BE8F-FA87D85B0D86}"
EndProject
Project("{FAE04EC0-301F-11D3-BF4B-00C04F79EFBC}") = "E0ReminderApp.Android", "E0ReminderApp.Android\E0ReminderApp.Android.csproj", "{64CC12FC-2B1C-477C-9AA3-6F557B17AAD2}"
EndProject
Project("{FAE04EC0-301F-11D3-BF4B-00C04F79EFBC}") = "E0ReminderApp.iOS", "E0ReminderApp.iOS\E0ReminderApp.iOS.csproj", "{898D46F9-3D4E-4AAD-95C2-953687BC4DEC}"
EndProject
Project("{FAE04EC0-301F-11D3-BF4B-00C04F79EFBC}") = "E0ReminderApp", "E0ReminderApp\E0ReminderApp.csproj", "{AE5EBDE3-7785-496D-98E5-5854AFB01ABE}"
EndProject
Global
	GlobalSection(SolutionConfigurationPlatforms) = preSolution
		Debug|Any CPU = Debug|Any CPU
		Debug|ARM = Debug|ARM
		Debug|iPhone = Debug|iPhone
		Debug|iPhoneSimulator = Debug|iPhoneSimulator
		Debug|x64 = Debug|x64
		Debug|x86 = Debug|x86
		Release|Any CPU = Release|Any CPU
		Release|ARM = Release|ARM
		Release|iPhone = Release|iPhone
		Release|iPhoneSimulator = Release|iPhoneSimulator
		Release|x64 = Release|x64
		Release|x86 = Release|x86
	EndGlobalSection
	GlobalSection(ProjectConfigurationPlatforms) = postSolution
		{1588D4C5-68B5-4E11-BE8F-FA87D85B0D86}.Debug|Any CPU.ActiveCfg = Debug|x86
		{1588D4C5-68B5-4E11-BE8F-FA87D85B0D86}.Debug|Any CPU.Build.0 = Debug|x86
		{1588D4C5-68B5-4E11-BE8F-FA87D85B0D86}.Debug|Any CPU.Deploy.0 = Debug|x86
		{1588D4C5-68B5-4E11-BE8F-FA87D85B0D86}.Debug|ARM.ActiveCfg = Debug|ARM
		{1588D4C5-68B5-4E11-BE8F-FA87D85B0D86}.Debug|ARM.Build.0 = Debug|ARM
		{1588D4C5-68B5-4E11-BE8F-FA87D85B0D86}.Debug|ARM.Deploy.0 = Debug|ARM
		{1588D4C5-68B5-4E11-BE8F-FA87D85B0D86}.Debug|iPhone.ActiveCfg = Debug|x86
		{1588D4C5-68B5-4E11-BE8F-FA87D85B0D86}.Debug|iPhone.Build.0 = Debug|x86
		{1588D4C5-68B5-4E11-BE8F-FA87D85B0D86}.Debug|iPhone.Deploy.0 = Debug|x86
		{1588D4C5-68B5-4E11-BE8F-FA87D85B0D86}.Debug|iPhoneSimulator.ActiveCfg = Debug|x86
		{1588D4C5-68B5-4E11-BE8F-FA87D85B0D86}.Debug|iPhoneSimulator.Build.0 = Debug|x86
		{1588D4C5-68B5-4E11-BE8F-FA87D85B0D86}.Debug|iPhoneSimulator.Deploy.0 = Debug|x86
		{1588D4C5-68B5-4E11-BE8F-FA87D85B0D86}.Debug|x64.ActiveCfg = Debug|x64
		{1588D4C5-68B5-4E11-BE8F-FA87D85B0D86}.Debug|x64.Build.0 = Debug|x64
		{1588D4C5-68B5-4E11-BE8F-FA87D85B0D86}.Debug|x64.Deploy.0 = Debug|x64
		{1588D4C5-68B5-4E11-BE8F-FA87D85B0D86}.Debug|x86.ActiveCfg = Debug|x86
		{1588D4C5-68B5-4E11-BE8F-FA87D85B0D86}.Debug|x86.Build.0 = Debug|x86
		{1588D4C5-68B5-4E11-BE8F-FA87D85B0D86}.Debug|x86.Deploy.0 = Debug|x86
		{1588D4C5-68B5-4E11-BE8F-FA87D85B0D86}.Release|Any CPU.ActiveCfg = Release|x86
		{1588D4C5-68B5-4E11-BE8F-FA87D85B0D86}.Release|Any CPU.Build.0 = Release|x86
		{1588D4C5-68B5-4E11-BE8F-FA87D85B0D86}.Release|Any CPU.Deploy.0 = Release|x86
		{1588D4C5-68B5-4E11-BE8F-FA87D85B0D86}.Release|ARM.ActiveCfg = Release|ARM
		{1588D4C5-68B5-4E11-BE8F-FA87D85B0D86}.Release|ARM.Build.0 = Release|ARM
		{1588D4C5-68B5-4E11-BE8F-FA87D85B0D86}.Release|ARM.Deploy.0 = Release|ARM
		{1588D4C5-68B5-4E11-BE8F-FA87D85B0D86}.Release|iPhone.ActiveCfg = Release|x86
		{1588D4C5-68B5-4E11-BE8F-FA87D85B0D86}.Release|iPhone.Build.0 = Release|x86
		{1588D4C5-68B5-4E11-BE8F-FA87D85B0D86}.Release|iPhone.Deploy.0 = Release|x86
		{1588D4C5-68B5-4E11-BE8F-FA87D85B0D86}.Release|iPhoneSimulator.ActiveCfg = Release|x86
		{1588D4C5-68B5-4E11-BE8F-FA87D85B0D86}.Release|iPhoneSimulator.Build.0 = Release|x86
		{1588D4C5-68B5-4E11-BE8F-FA87D85B0D86}.Release|iPhoneSimulator.Deploy.0 = Release|x86
		{1588D4C5-68B5-4E11-BE8F-FA87D85B0D86}.Release|x64.ActiveCfg = Release|x64
		{1588D4C5-68B5-4E11-BE8F-FA87D85B0D86}.Release|x64.Build.0 = Release|x64
		{1588D4C5-68B5-4E11-BE8F-FA87D85B0D86}.Release|x64.Deploy.0 = Release|x64
		{1588D4C5-68B5-4E11-BE8F-FA87D85B0D86}.Release|x86.ActiveCfg = Release|x86
		{1588D4C5-68B5-4E11-BE8F-FA87D85B0D86}.Release|x86.Build.0 = Release|x86
		{1588D4C5-68B5-4E11-BE8F-FA87D85B0D86}.Release|x86.Deploy.0 = Release|x86
		{64CC12FC-2B1C-477C-9AA3-6F557B17AAD2}.Debug|Any CPU.ActiveCfg = Debug|Any CPU
		{64CC12FC-2B1C-477C-9AA3-6F557B17AAD2}.Debug|Any CPU.Build.0 = Debug|Any CPU
		{64CC12FC-2B1C-477C-9AA3-6F557B17AAD2}.Debug|Any CPU.Deploy.0 = Debug|Any CPU
		{64CC12FC-2B1C-477C-9AA3-6F557B17AAD2}.Debug|ARM.ActiveCfg = Debug|Any CPU
		{64CC12FC-2B1C-477C-9AA3-6F557B17AAD2}.Debug|ARM.Build.0 = Debug|Any CPU
		{64CC12FC-2B1C-477C-9AA3-6F557B17AAD2}.Debug|ARM.Deploy.0 = Debug|Any CPU
		{64CC12FC-2B1C-477C-9AA3-6F557B17AAD2}.Debug|iPhone.ActiveCfg = Debug|Any CPU
		{64CC12FC-2B1C-477C-9AA3-6F557B17AAD2}.Debug|iPhone.Build.0 = Debug|Any CPU
		{64CC12FC-2B1C-477C-9AA3-6F557B17AAD2}.Debug|iPhone.Deploy.0 = Debug|Any CPU
		{64CC12FC-2B1C-477C-9AA3-6F557B17AAD2}.Debug|iPhoneSimulator.ActiveCfg = Debug|Any CPU
		{64CC12FC-2B1C-477C-9AA3-6F557B17AAD2}.Debug|iPhoneSimulator.Build.0 = Debug|Any CPU
		{64CC12FC-2B1C-477C-9AA3-6F557B17AAD2}.Debug|iPhoneSimulator.Deploy.0 = Debug|Any CPU
		{64CC12FC-2B1C-477C-9AA3-6F557B17AAD2}.Debug|x64.ActiveCfg = Debug|Any CPU
		{64CC12FC-2B1C-477C-9AA3-6F557B17AAD2}.Debug|x64.Build.0 = Debug|Any CPU
		{64CC12FC-2B1C-477C-9AA3-6F557B17AAD2}.Debug|x64.Deploy.0 = Debug|Any CPU
		{64CC12FC-2B1C-477C-9AA3-6F557B17AAD2}.Debug|x86.ActiveCfg = Debug|Any CPU
		{64CC12FC-2B1C-477C-9AA3-6F557B17AAD2}.Debug|x86.Build.0 = Debug|Any CPU
		{64CC12FC-2B1C-477C-9AA3-6F557B17AAD2}.Debug|x86.Deploy.0 = Debug|Any CPU
		{64CC12FC-2B1C-477C-9AA3-6F557B17AAD2}.Release|Any CPU.ActiveCfg = Release|Any CPU
		{64CC12FC-2B1C-477C-9AA3-6F557B17AAD2}.Release|Any CPU.Build.0 = Release|Any CPU
		{64CC12FC-2B1C-477C-9AA3-6F557B17AAD2}.Release|Any CPU.Deploy.0 = Release|Any CPU
		{64CC12FC-2B1C-477C-9AA3-6F557B17AAD2}.Release|ARM.ActiveCfg = Release|Any CPU
		{64CC12FC-2B1C-477C-9AA3-6F557B17AAD2}.Release|ARM.Build.0 = Release|Any CPU
		{64CC12FC-2B1C-477C-9AA3-6F557B17AAD2}.Release|ARM.Deploy.0 = Release|Any CPU
		{64CC12FC-2B1C-477C-9AA3-6F557B17AAD2}.Release|iPhone.ActiveCfg = Release|Any CPU
		{64CC12FC-2B1C-477C-9AA3-6F557B17AAD2}.Release|iPhone.Build.0 = Release|Any CPU
		{64CC12FC-2B1C-477C-9AA3-6F557B17AAD2}.Release|iPhone.Deploy.0 = Release|Any CPU
		{64CC12FC-2B1C-477C-9AA3-6F557B17AAD2}.Release|iPhoneSimulator.ActiveCfg = Release|Any CPU
		{64CC12FC-2B1C-477C-9AA3-6F557B17AAD2}.Release|iPhoneSimulator.Build.0 = Release|Any CPU
		{64CC12FC-2B1C-477C-9AA3-6F557B17AAD2}.Release|iPhoneSimulator.Deploy.0 = Release|Any CPU
		{64CC12FC-2B1C-477C-9AA3-6F557B17AAD2}.Release|x64.ActiveCfg = Release|Any CPU
		{64CC12FC-2B1C-477C-9AA3-6F557B17AAD2}.Release|x64.Build.0 = Release|Any CPU
		{64CC12FC-2B1C-477C-9AA3-6F557B17AAD2}.Release|x64.Deploy.0 = Release|Any CPU
		{64CC12FC-2B1C-477C-9AA3-6F557B17AAD2}.Release|x86.ActiveCfg = Release|Any CPU
		{64CC12FC-2B1C-477C-9AA3-6F557B17AAD2}.Release|x86.Build.0 = Release|Any CPU
		{64CC12FC-2B1C-477C-9AA3-6F557B17AAD2}.Release|x86.Deploy.0 = Release|Any CPU
		{898D46F9-3D4E-4AAD-95C2-953687BC4DEC}.Debug|Any CPU.ActiveCfg = Debug|iPhone
		{898D46F9-3D4E-4AAD-95C2-953687BC4DEC}.Debug|Any CPU.Build.0 = Debug|iPhone
		{898D46F9-3D4E-4AAD-95C2-953687BC4DEC}.Debug|Any CPU.Deploy.0 = Debug|iPhone
		{898D46F9-3D4E-4AAD-95C2-953687BC4DEC}.Debug|ARM.ActiveCfg = Debug|iPhone
		{898D46F9-3D4E-4AAD-95C2-953687BC4DEC}.Debug|ARM.Build.0 = Debug|iPhone
		{898D46F9-3D4E-4AAD-95C2-953687BC4DEC}.Debug|ARM.Deploy.0 = Debug|iPhone
		{898D46F9-3D4E-4AAD-95C2-953687BC4DEC}.Debug|iPhone.ActiveCfg = Debug|iPhone
		{898D46F9-3D4E-4AAD-95C2-953687BC4DEC}.Debug|iPhone.Build.0 = Debug|iPhone
		{898D46F9-3D4E-4AAD-95C2-953687BC4DEC}.Debug|iPhone.Deploy.0 = Debug|iPhone
		{898D46F9-3D4E-4AAD-95C2-953687BC4DEC}.Debug|iPhoneSimulator.ActiveCfg = Debug|iPhoneSimulator
		{898D46F9-3D4E-4AAD-95C2-953687BC4DEC}.Debug|iPhoneSimulator.Build.0 = Debug|iPhoneSimulator
		{898D46F9-3D4E-4AAD-95C2-953687BC4DEC}.Debug|iPhoneSimulator.Deploy.0 = Debug|iPhoneSimulator
		{898D46F9-3D4E-4AAD-95C2-953687BC4DEC}.Debug|x64.ActiveCfg = Debug|iPhone
		{898D46F9-3D4E-4AAD-95C2-953687BC4DEC}.Debug|x64.Build.0 = Debug|iPhone
		{898D46F9-3D4E-4AAD-95C2-953687BC4DEC}.Debug|x64.Deploy.0 = Debug|iPhone
		{898D46F9-3D4E-4AAD-95C2-953687BC4DEC}.Debug|x86.ActiveCfg = Debug|iPhone
		{898D46F9-3D4E-4AAD-95C2-953687BC4DEC}.Debug|x86.Build.0 = Debug|iPhone
		{898D46F9-3D4E-4AAD-95C2-953687BC4DEC}.Debug|x86.Deploy.0 = Debug|iPhone
		{898D46F9-3D4E-4AAD-95C2-953687BC4DEC}.Release|Any CPU.ActiveCfg = Release|iPhone
		{898D46F9-3D4E-4AAD-95C2-953687BC4DEC}.Release|Any CPU.Build.0 = Release|iPhone
		{898D46F9-3D4E-4AAD-95C2-953687BC4DEC}.Release|Any CPU.Deploy.0 = Release|iPhone
		{898D46F9-3D4E-4AAD-95C2-953687BC4DEC}.Release|ARM.ActiveCfg = Release|iPhone
		{898D46F9-3D4E-4AAD-95C2-953687BC4DEC}.Release|ARM.Build.0 = Release|iPhone
		{898D46F9-3D4E-4AAD-95C2-953687BC4DEC}.Release|ARM.Deploy.0 = Release|iPhone
		{898D46F9-3D4E-4AAD-95C2-953687BC4DEC}.Release|iPhone.ActiveCfg = Release|iPhone
		{898D46F9-3D4E-4AAD-95C2-953687BC4DEC}.Release|iPhone.Build.0 = Release|iPhone
		{898D46F9-3D4E-4AAD-95C2-953687BC4DEC}.Release|iPhone.Deploy.0 = Release|iPhone
		{898D46F9-3D4E-4AAD-95C2-953687BC4DEC}.Release|iPhoneSimulator.ActiveCfg = Release|iPhoneSimulator
		{898D46F9-3D4E-4AAD-95C2-953687BC4DEC}.Release|iPhoneSimulator.Build.0 = Release|iPhoneSimulator
		{898D46F9-3D4E-4AAD-95C2-953687BC4DEC}.Release|iPhoneSimulator.Deploy.0 = Release|iPhoneSimulator
		{898D46F9-3D4E-4AAD-95C2-953687BC4DEC}.Release|x64.ActiveCfg = Release|iPhone
		{898D46F9-3D4E-4AAD-95C2-953687BC4DEC}.Release|x64.Build.0 = Release|iPhone
		{898D46F9-3D4E-4AAD-95C2-953687BC4DEC}.Release|x64.Deploy.0 = Release|iPhone
		{898D46F9-3D4E-4AAD-95C2-953687BC4DEC}.Release|x86.ActiveCfg = Release|iPhone
		{898D46F9-3D4E-4AAD-95C2-953687BC4DEC}.Release|x86.Build.0 = Release|iPhone
		{898D46F9-3D4E-4AAD-95C2-953687BC4DEC}.Release|x86.Deploy.0 = Release|iPhone
		{AE5EBDE3-7785-496D-98E5-5854AFB01ABE}.Debug|Any CPU.ActiveCfg = Debug|Any CPU
		{AE5EBDE3-7785-496D-98E5-5854AFB01ABE}.Debug|Any CPU.Build.0 = Debug|Any CPU
		{AE5EBDE3-7785-496D-98E5-5854AFB01ABE}.Debug|Any CPU.Deploy.0 = Debug|Any CPU
		{AE5EBDE3-7785-496D-98E5-5854AFB01ABE}.Debug|ARM.ActiveCfg = Debug|Any CPU
		{AE5EBDE3-7785-496D-98E5-5854AFB01ABE}.Debug|ARM.Build.0 = Debug|Any CPU
		{AE5EBDE3-7785-496D-98E5-5854AFB01ABE}.Debug|ARM.Deploy.0 = Debug|Any CPU
		{AE5EBDE3-7785-496D-98E5-5854AFB01ABE}.Debug|iPhone.ActiveCfg = Debug|Any CPU
		{AE5EBDE3-7785-496D-98E5-5854AFB01ABE}.Debug|iPhone.Build.0 = Debug|Any CPU
		{AE5EBDE3-7785-496D-98E5-5854AFB01ABE}.Debug|iPhone.Deploy.0 = Debug|Any CPU
		{AE5EBDE3-7785-496D-98E5-5854AFB01ABE}.Debug|iPhoneSimulator.ActiveCfg = Debug|Any CPU
		{AE5EBDE3-7785-496D-98E5-5854AFB01ABE}.Debug|iPhoneSimulator.Build.0 = Debug|Any CPU
		{AE5EBDE3-7785-496D-98E5-5854AFB01ABE}.Debug|iPhoneSimulator.Deploy.0 = Debug|Any CPU
		{AE5EBDE3-7785-496D-98E5-5854AFB01ABE}.Debug|x64.ActiveCfg = Debug|Any CPU
		{AE5EBDE3-7785-496D-98E5-5854AFB01ABE}.Debug|x64.Build.0 = Debug|Any CPU
		{AE5EBDE3-7785-496D-98E5-5854AFB01ABE}.Debug|x64.Deploy.0 = Debug|Any CPU
		{AE5EBDE3-7785-496D-98E5-5854AFB01ABE}.Debug|x86.ActiveCfg = Debug|Any CPU
		{AE5EBDE3-7785-496D-98E5-5854AFB01ABE}.Debug|x86.Build.0 = Debug|Any CPU
		{AE5EBDE3-7785-496D-98E5-5854AFB01ABE}.Debug|x86.Deploy.0 = Debug|Any CPU
		{AE5EBDE3-7785-496D-98E5-5854AFB01ABE}.Release|Any CPU.ActiveCfg = Release|Any CPU
		{AE5EBDE3-7785-496D-98E5-5854AFB01ABE}.Release|Any CPU.Build.0 = Release|Any CPU
		{AE5EBDE3-7785-496D-98E5-5854AFB01ABE}.Release|Any CPU.Deploy.0 = Release|Any CPU
		{AE5EBDE3-7785-496D-98E5-5854AFB01ABE}.Release|ARM.ActiveCfg = Release|Any CPU
		{AE5EBDE3-7785-496D-98E5-5854AFB01ABE}.Release|ARM.Build.0 = Release|Any CPU
		{AE5EBDE3-7785-496D-98E5-5854AFB01ABE}.Release|ARM.Deploy.0 = Release|Any CPU
		{AE5EBDE3-7785-496D-98E5-5854AFB01ABE}.Release|iPhone.ActiveCfg = Release|Any CPU
		{AE5EBDE3-7785-496D-98E5-5854AFB01ABE}.Release|iPhone.Build.0 = Release|Any CPU
		{AE5EBDE3-7785-496D-98E5-5854AFB01ABE}.Release|iPhone.Deploy.0 = Release|Any CPU
		{AE5EBDE3-7785-496D-98E5-5854AFB01ABE}.Release|iPhoneSimulator.ActiveCfg = Release|Any CPU
		{AE5EBDE3-7785-496D-98E5-5854AFB01ABE}.Release|iPhoneSimulator.Build.0 = Release|Any CPU
		{AE5EBDE3-7785-496D-98E5-5854AFB01ABE}.Release|iPhoneSimulator.Deploy.0 = Release|Any CPU
		{AE5EBDE3-7785-496D-98E5-5854AFB01ABE}.Release|x64.ActiveCfg = Release|Any CPU
		{AE5EBDE3-7785-496D-98E5-5854AFB01ABE}.Release|x64.Build.0 = Release|Any CPU
		{AE5EBDE3-7785-496D-98E5-5854AFB01ABE}.Release|x64.Deploy.0 = Release|Any CPU
		{AE5EBDE3-7785-496D-98E5-5854AFB01ABE}.Release|x86.ActiveCfg = Release|Any CPU
		{AE5EBDE3-7785-496D-98E5-5854AFB01ABE}.Release|x86.Build.0 = Release|Any CPU
		{AE5EBDE3-7785-496D-98E5-5854AFB01ABE}.Release|x86.Deploy.0 = Release|Any CPU
	EndGlobalSection
	GlobalSection(SolutionProperties) = preSolution
		HideSolutionNode = FALSE
	EndGlobalSection
	GlobalSection(ExtensibilityGlobals) = postSolution
		SolutionGuid = {58F79A4F-047A-489C-98F5-B640034F79D7}
	EndGlobalSection
EndGlobal
